
Microsoft Visual Studio Solution File, Format Version 12.00
# Visual Studio Version 17
VisualStudioVersion = 17.13.35806.99
MinimumVisualStudioVersion = 10.0.40219.1
Project("{FAE04EC0-301F-11D3-BF4B-00C04F79EFBC}") = "DerpRaven.Maui", "DerpRaven.Maui\DerpRaven.Maui.csproj", "{3359C78C-D391-4601-AA1F-3DE075C980AD}"
EndProject
Project("{FAE04EC0-301F-11D3-BF4B-00C04F79EFBC}") = "DerpRaven.Api", "DerpRaven.Api\DerpRaven.Api.csproj", "{7B89099D-D739-4B23-A01E-1C177BFE67F0}"
EndProject
Project("{FAE04EC0-301F-11D3-BF4B-00C04F79EFBC}") = "DerpRaven.Shared", "DerpRaven.Shared\DerpRaven.Shared.csproj", "{E287DBFA-0D15-402D-A21B-39B85102A9CD}"
EndProject
Project("{FAE04EC0-301F-11D3-BF4B-00C04F79EFBC}") = "DerpRaven.NTests", "DerpRaven.NTests\DerpRaven.NTests.csproj", "{53C99CE5-92D1-40F6-B210-C53AE9B8FAE4}"
EndProject
Project("{FAE04EC0-301F-11D3-BF4B-00C04F79EFBC}") = "DerpRaven.Web", "DerpRaven.Web\DerpRaven.Web.csproj", "{63F96BCA-C567-4A11-BC09-F962FE468A2D}"
EndProject
Global
	GlobalSection(SolutionConfigurationPlatforms) = preSolution
		Debug|Any CPU = Debug|Any CPU
		Release|Any CPU = Release|Any CPU
	EndGlobalSection
	GlobalSection(ProjectConfigurationPlatforms) = postSolution
		{3359C78C-D391-4601-AA1F-3DE075C980AD}.Debug|Any CPU.ActiveCfg = Debug|Any CPU
		{3359C78C-D391-4601-AA1F-3DE075C980AD}.Debug|Any CPU.Build.0 = Debug|Any CPU
		{3359C78C-D391-4601-AA1F-3DE075C980AD}.Release|Any CPU.ActiveCfg = Release|Any CPU
		{3359C78C-D391-4601-AA1F-3DE075C980AD}.Release|Any CPU.Build.0 = Release|Any CPU
		{7B89099D-D739-4B23-A01E-1C177BFE67F0}.Debug|Any CPU.ActiveCfg = Debug|Any CPU
		{7B89099D-D739-4B23-A01E-1C177BFE67F0}.Debug|Any CPU.Build.0 = Debug|Any CPU
		{7B89099D-D739-4B23-A01E-1C177BFE67F0}.Release|Any CPU.ActiveCfg = Release|Any CPU
		{7B89099D-D739-4B23-A01E-1C177BFE67F0}.Release|Any CPU.Build.0 = Release|Any CPU
		{E287DBFA-0D15-402D-A21B-39B85102A9CD}.Debug|Any CPU.ActiveCfg = Debug|Any CPU
		{E287DBFA-0D15-402D-A21B-39B85102A9CD}.Debug|Any CPU.Build.0 = Debug|Any CPU
		{E287DBFA-0D15-402D-A21B-39B85102A9CD}.Release|Any CPU.ActiveCfg = Release|Any CPU
		{E287DBFA-0D15-402D-A21B-39B85102A9CD}.Release|Any CPU.Build.0 = Release|Any CPU
		{53C99CE5-92D1-40F6-B210-C53AE9B8FAE4}.Debug|Any CPU.ActiveCfg = Debug|Any CPU
		{53C99CE5-92D1-40F6-B210-C53AE9B8FAE4}.Debug|Any CPU.Build.0 = Debug|Any CPU
		{53C99CE5-92D1-40F6-B210-C53AE9B8FAE4}.Release|Any CPU.ActiveCfg = Release|Any CPU
		{53C99CE5-92D1-40F6-B210-C53AE9B8FAE4}.Release|Any CPU.Build.0 = Release|Any CPU
		{63F96BCA-C567-4A11-BC09-F962FE468A2D}.Debug|Any CPU.ActiveCfg = Debug|Any CPU
		{63F96BCA-C567-4A11-BC09-F962FE468A2D}.Debug|Any CPU.Build.0 = Debug|Any CPU
		{63F96BCA-C567-4A11-BC09-F962FE468A2D}.Release|Any CPU.ActiveCfg = Release|Any CPU
		{63F96BCA-C567-4A11-BC09-F962FE468A2D}.Release|Any CPU.Build.0 = Release|Any CPU
	EndGlobalSection
	GlobalSection(SolutionProperties) = preSolution
		HideSolutionNode = FALSE
	EndGlobalSection
	GlobalSection(ExtensibilityGlobals) = postSolution
		SolutionGuid = {90A97968-83CB-4260-BA83-9017572F5795}
	EndGlobalSection
EndGlobal
